{
  "nodes": {
    "config-guess": {
      "flake": false,
      "locked": {
        "narHash": "sha256-AfuEzx0+2bZxiyDNHvwkcQOzTp7jpD+9P7A/ZKPkYa0=",
        "type": "file",
        "url": "https://git.savannah.gnu.org/cgit/config.git/plain/config.guess?id=20403c5701973a4cbd7e0b4bbeb627fcd424a0f1"
      },
      "original": {
        "type": "file",
        "url": "https://git.savannah.gnu.org/cgit/config.git/plain/config.guess?id=20403c5701973a4cbd7e0b4bbeb627fcd424a0f1"
      }
    },
    "flake-utils": {
      "inputs": {
        "systems": "systems"
      },
      "locked": {
        "lastModified": 1705309234,
        "narHash": "sha256-uNRRNRKmJyCRC/8y1RqBkqWBLM034y4qN7EprSdmgyA=",
        "owner": "numtide",
        "repo": "flake-utils",
        "rev": "1ef2e671c3b0c19053962c07dbda38332dcebf26",
        "type": "github"
      },
      "original": {
        "owner": "numtide",
        "repo": "flake-utils",
        "type": "github"
      }
    },
    "nixpkgs": {
      "locked": {
        "lastModified": 1708296515,
        "narHash": "sha256-FyF489fYNAUy7b6dkYV6rGPyzp+4tThhr80KNAaF/yY=",
        "owner": "nixos",
        "repo": "nixpkgs",
        "rev": "b98a4e1746acceb92c509bc496ef3d0e5ad8d4aa",
        "type": "github"
      },
      "original": {
        "owner": "nixos",
        "ref": "nixos-unstable",
        "repo": "nixpkgs",
        "type": "github"
      }
    },
    "os161-binutils-src": {
      "flake": false,
      "locked": {
        "lastModified": 1412126106,
        "narHash": "sha256-sPskjubDFXH7Hjcxnuf3kvdjTbwPAvYL7sKQqo6stmg=",
        "type": "tarball",
        "url": "http://www.cse.unsw.edu.au/~cs3231/os161-files/binutils-2.24%2Bos161-2.1.tar.gz"
      },
      "original": {
        "type": "tarball",
        "url": "http://www.cse.unsw.edu.au/~cs3231/os161-files/binutils-2.24%2Bos161-2.1.tar.gz"
      }
    },
    "os161-gcc-src": {
      "flake": false,
      "locked": {
        "lastModified": 1412127722,
        "narHash": "sha256-ec1EBFtTGnNuY6jg6jg8GExFq7yxgJxPRLZzqT4P1y0=",
        "type": "tarball",
        "url": "http://www.cse.unsw.edu.au/~cs3231/os161-files/gcc-4.8.3%2Bos161-2.1.tar.gz"
      },
      "original": {
        "type": "tarball",
        "url": "http://www.cse.unsw.edu.au/~cs3231/os161-files/gcc-4.8.3%2Bos161-2.1.tar.gz"
      }
    },
    "os161-gdb-src": {
      "flake": false,
      "locked": {
        "lastModified": 1412128972,
        "narHash": "sha256-w2tXm8zBo3KGyDg8xFEJl6XQo/IO65wwnLxKLBdsabs=",
        "type": "tarball",
        "url": "http://www.cse.unsw.edu.au/~cs3231/os161-files/gdb-7.8%2Bos161-2.1.tar.gz"
      },
      "original": {
        "type": "tarball",
        "url": "http://www.cse.unsw.edu.au/~cs3231/os161-files/gdb-7.8%2Bos161-2.1.tar.gz"
      }
    },
    "os161-sys161-src": {
      "flake": false,
      "locked": {
        "lastModified": 1456881132,
        "narHash": "sha256-0HXBLSzy86wWQ7sPh2JJaEJqC63zVrwo9Ekmq833PD8=",
        "type": "tarball",
        "url": "http://www.cse.unsw.edu.au/~cs3231/os161-files/sys161-2.0.8.tar.gz"
      },
      "original": {
        "type": "tarball",
        "url": "http://www.cse.unsw.edu.au/~cs3231/os161-files/sys161-2.0.8.tar.gz"
      }
    },
    "root": {
      "inputs": {
        "config-guess": "config-guess",
        "flake-utils": "flake-utils",
        "nixpkgs": "nixpkgs",
        "os161-binutils-src": "os161-binutils-src",
        "os161-gcc-src": "os161-gcc-src",
        "os161-gdb-src": "os161-gdb-src",
        "os161-sys161-src": "os161-sys161-src"
      }
    },
    "systems": {
      "locked": {
        "lastModified": 1681028828,
        "narHash": "sha256-Vy1rq5AaRuLzOxct8nz4T6wlgyUR7zLU309k9mBC768=",
        "owner": "nix-systems",
        "repo": "default",
        "rev": "da67096a3b9bf56a91d16901293e51ba5b49a27e",
        "type": "github"
      },
      "original": {
        "owner": "nix-systems",
        "repo": "default",
        "type": "github"
      }
    }
  },
  "root": "root",
  "version": 7
}
